{
  "requires": true,
  "lockfileVersion": 1,
  "dependencies": {
    "vuex-i18n": {
      "version": "1.13.1",
      "resolved": "https://registry.npmjs.org/vuex-i18n/-/vuex-i18n-1.13.1.tgz",
      "integrity": "sha512-VTy5QAyMI6BJwpRfN5qncWQT0ohKiAYK+iTRW4JxgV9dkNoPMuKKDqExbOm1fzpitdrIoIipC3Zqr5fJ706VQg=="
    }
  }
}
